
Microsoft Visual Studio Solution File, Format Version 12.00
# Visual Studio Version 17
VisualStudioVersion = 17.0.31903.59
MinimumVisualStudioVersion = 10.0.40219.1
Project("{2150E333-8FDC-42A3-9474-1A3956D46DE8}") = "src", "src", "{827E0CD3-B72D-47B6-A68D-7590B98EB39B}"
EndProject
Project("{FAE04EC0-301F-11D3-BF4B-00C04F79EFBC}") = "Chronovault.Core", "src\Chronovault.Core\Chronovault.Core.csproj", "{5C1289C9-3174-4BF8-BA9F-A2F702591432}"
EndProject
Project("{FAE04EC0-301F-11D3-BF4B-00C04F79EFBC}") = "Chronovault.Infrastructure", "src\Chronovault.Infrastructure\Chronovault.Infrastructure.csproj", "{85675ADB-1FF7-4C08-8C33-E2FDD1FCB9C1}"
EndProject
Project("{FAE04EC0-301F-11D3-BF4B-00C04F79EFBC}") = "Chronovault.Service", "src\Chronovault.Service\Chronovault.Service.csproj", "{F1A12ABA-BFE9-4293-9B43-648D5F64FFA5}"
EndProject
Project("{FAE04EC0-301F-11D3-BF4B-00C04F79EFBC}") = "Chronovault.Packager", "src\Chronovault.Packager\Chronovault.Packager.csproj", "{739D1CC7-0763-41E7-9CF9-A3EFF452813A}"
EndProject
Global
	GlobalSection(SolutionConfigurationPlatforms) = preSolution
		Debug|Any CPU = Debug|Any CPU
		Debug|x64 = Debug|x64
		Debug|x86 = Debug|x86
		Release|Any CPU = Release|Any CPU
		Release|x64 = Release|x64
		Release|x86 = Release|x86
	EndGlobalSection
	GlobalSection(ProjectConfigurationPlatforms) = postSolution
		{5C1289C9-3174-4BF8-BA9F-A2F702591432}.Debug|Any CPU.ActiveCfg = Debug|Any CPU
		{5C1289C9-3174-4BF8-BA9F-A2F702591432}.Debug|Any CPU.Build.0 = Debug|Any CPU
		{5C1289C9-3174-4BF8-BA9F-A2F702591432}.Debug|x64.ActiveCfg = Debug|Any CPU
		{5C1289C9-3174-4BF8-BA9F-A2F702591432}.Debug|x64.Build.0 = Debug|Any CPU
		{5C1289C9-3174-4BF8-BA9F-A2F702591432}.Debug|x86.ActiveCfg = Debug|Any CPU
		{5C1289C9-3174-4BF8-BA9F-A2F702591432}.Debug|x86.Build.0 = Debug|Any CPU
		{5C1289C9-3174-4BF8-BA9F-A2F702591432}.Release|Any CPU.ActiveCfg = Release|Any CPU
		{5C1289C9-3174-4BF8-BA9F-A2F702591432}.Release|Any CPU.Build.0 = Release|Any CPU
		{5C1289C9-3174-4BF8-BA9F-A2F702591432}.Release|x64.ActiveCfg = Release|Any CPU
		{5C1289C9-3174-4BF8-BA9F-A2F702591432}.Release|x64.Build.0 = Release|Any CPU
		{5C1289C9-3174-4BF8-BA9F-A2F702591432}.Release|x86.ActiveCfg = Release|Any CPU
		{5C1289C9-3174-4BF8-BA9F-A2F702591432}.Release|x86.Build.0 = Release|Any CPU
		{85675ADB-1FF7-4C08-8C33-E2FDD1FCB9C1}.Debug|Any CPU.ActiveCfg = Debug|Any CPU
		{85675ADB-1FF7-4C08-8C33-E2FDD1FCB9C1}.Debug|Any CPU.Build.0 = Debug|Any CPU
		{85675ADB-1FF7-4C08-8C33-E2FDD1FCB9C1}.Debug|x64.ActiveCfg = Debug|Any CPU
		{85675ADB-1FF7-4C08-8C33-E2FDD1FCB9C1}.Debug|x64.Build.0 = Debug|Any CPU
		{85675ADB-1FF7-4C08-8C33-E2FDD1FCB9C1}.Debug|x86.ActiveCfg = Debug|Any CPU
		{85675ADB-1FF7-4C08-8C33-E2FDD1FCB9C1}.Debug|x86.Build.0 = Debug|Any CPU
		{85675ADB-1FF7-4C08-8C33-E2FDD1FCB9C1}.Release|Any CPU.ActiveCfg = Release|Any CPU
		{85675ADB-1FF7-4C08-8C33-E2FDD1FCB9C1}.Release|Any CPU.Build.0 = Release|Any CPU
		{85675ADB-1FF7-4C08-8C33-E2FDD1FCB9C1}.Release|x64.ActiveCfg = Release|Any CPU
		{85675ADB-1FF7-4C08-8C33-E2FDD1FCB9C1}.Release|x64.Build.0 = Release|Any CPU
		{85675ADB-1FF7-4C08-8C33-E2FDD1FCB9C1}.Release|x86.ActiveCfg = Release|Any CPU
		{85675ADB-1FF7-4C08-8C33-E2FDD1FCB9C1}.Release|x86.Build.0 = Release|Any CPU
		{F1A12ABA-BFE9-4293-9B43-648D5F64FFA5}.Debug|Any CPU.ActiveCfg = Debug|Any CPU
		{F1A12ABA-BFE9-4293-9B43-648D5F64FFA5}.Debug|Any CPU.Build.0 = Debug|Any CPU
		{F1A12ABA-BFE9-4293-9B43-648D5F64FFA5}.Debug|x64.ActiveCfg = Debug|Any CPU
		{F1A12ABA-BFE9-4293-9B43-648D5F64FFA5}.Debug|x64.Build.0 = Debug|Any CPU
		{F1A12ABA-BFE9-4293-9B43-648D5F64FFA5}.Debug|x86.ActiveCfg = Debug|Any CPU
		{F1A12ABA-BFE9-4293-9B43-648D5F64FFA5}.Debug|x86.Build.0 = Debug|Any CPU
		{F1A12ABA-BFE9-4293-9B43-648D5F64FFA5}.Release|Any CPU.ActiveCfg = Release|Any CPU
		{F1A12ABA-BFE9-4293-9B43-648D5F64FFA5}.Release|Any CPU.Build.0 = Release|Any CPU
		{F1A12ABA-BFE9-4293-9B43-648D5F64FFA5}.Release|x64.ActiveCfg = Release|Any CPU
		{F1A12ABA-BFE9-4293-9B43-648D5F64FFA5}.Release|x64.Build.0 = Release|Any CPU
		{F1A12ABA-BFE9-4293-9B43-648D5F64FFA5}.Release|x86.ActiveCfg = Release|Any CPU
		{F1A12ABA-BFE9-4293-9B43-648D5F64FFA5}.Release|x86.Build.0 = Release|Any CPU
		{739D1CC7-0763-41E7-9CF9-A3EFF452813A}.Debug|Any CPU.ActiveCfg = Debug|Any CPU
		{739D1CC7-0763-41E7-9CF9-A3EFF452813A}.Debug|Any CPU.Build.0 = Debug|Any CPU
		{739D1CC7-0763-41E7-9CF9-A3EFF452813A}.Debug|x64.ActiveCfg = Debug|Any CPU
		{739D1CC7-0763-41E7-9CF9-A3EFF452813A}.Debug|x64.Build.0 = Debug|Any CPU
		{739D1CC7-0763-41E7-9CF9-A3EFF452813A}.Debug|x86.ActiveCfg = Debug|Any CPU
		{739D1CC7-0763-41E7-9CF9-A3EFF452813A}.Debug|x86.Build.0 = Debug|Any CPU
		{739D1CC7-0763-41E7-9CF9-A3EFF452813A}.Release|Any CPU.ActiveCfg = Release|Any CPU
		{739D1CC7-0763-41E7-9CF9-A3EFF452813A}.Release|Any CPU.Build.0 = Release|Any CPU
		{739D1CC7-0763-41E7-9CF9-A3EFF452813A}.Release|x64.ActiveCfg = Release|Any CPU
		{739D1CC7-0763-41E7-9CF9-A3EFF452813A}.Release|x64.Build.0 = Release|Any CPU
		{739D1CC7-0763-41E7-9CF9-A3EFF452813A}.Release|x86.ActiveCfg = Release|Any CPU
		{739D1CC7-0763-41E7-9CF9-A3EFF452813A}.Release|x86.Build.0 = Release|Any CPU
	EndGlobalSection
	GlobalSection(SolutionProperties) = preSolution
		HideSolutionNode = FALSE
	EndGlobalSection
	GlobalSection(NestedProjects) = preSolution
		{5C1289C9-3174-4BF8-BA9F-A2F702591432} = {827E0CD3-B72D-47B6-A68D-7590B98EB39B}
		{85675ADB-1FF7-4C08-8C33-E2FDD1FCB9C1} = {827E0CD3-B72D-47B6-A68D-7590B98EB39B}
		{F1A12ABA-BFE9-4293-9B43-648D5F64FFA5} = {827E0CD3-B72D-47B6-A68D-7590B98EB39B}
		{739D1CC7-0763-41E7-9CF9-A3EFF452813A} = {827E0CD3-B72D-47B6-A68D-7590B98EB39B}
	EndGlobalSection
EndGlobal
